
Microsoft Visual Studio Solution File, Format Version 12.00
# Visual Studio Version 17
VisualStudioVersion = 17.6.33723.286
MinimumVisualStudioVersion = 10.0.40219.1
Project("{FAE04EC0-301F-11D3-BF4B-00C04F79EFBC}") = "OkulYönetimSistemi", "OkulYönetimSistemi\OkulYönetimSistemi.csproj", "{C53B348E-CD61-42DF-8751-A1DC0F940ED8}"
EndProject
Global
	GlobalSection(SolutionConfigurationPlatforms) = preSolution
		Debug|Any CPU = Debug|Any CPU
		Release|Any CPU = Release|Any CPU
	EndGlobalSection
	GlobalSection(ProjectConfigurationPlatforms) = postSolution
		{C53B348E-CD61-42DF-8751-A1DC0F940ED8}.Debug|Any CPU.ActiveCfg = Debug|Any CPU
		{C53B348E-CD61-42DF-8751-A1DC0F940ED8}.Debug|Any CPU.Build.0 = Debug|Any CPU
		{C53B348E-CD61-42DF-8751-A1DC0F940ED8}.Release|Any CPU.ActiveCfg = Release|Any CPU
		{C53B348E-CD61-42DF-8751-A1DC0F940ED8}.Release|Any CPU.Build.0 = Release|Any CPU
	EndGlobalSection
	GlobalSection(SolutionProperties) = preSolution
		HideSolutionNode = FALSE
	EndGlobalSection
	GlobalSection(ExtensibilityGlobals) = postSolution
		SolutionGuid = {5A5EF4F4-ABB8-4054-B813-8035FF59503B}
	EndGlobalSection
EndGlobal
